// !$*UTF8*$!
{
	archiveVersion = 1;
	classes = {
	};
	objectVersion = 46;
	objects = {

/* Begin PBXBuildFile section */
		6951A7941BBB3E5400E9C4A1 /* AppDelegate.swift in Sources */ = {isa = PBXBuildFile; fileRef = 6951A7931BBB3E5400E9C4A1 /* AppDelegate.swift */; };
		6951A7961BBB3E5400E9C4A1 /* ViewController.swift in Sources */ = {isa = PBXBuildFile; fileRef = 6951A7951BBB3E5400E9C4A1 /* ViewController.swift */; };
		6951A7991BBB3E5400E9C4A1 /* Main.storyboard in Resources */ = {isa = PBXBuildFile; fileRef = 6951A7971BBB3E5400E9C4A1 /* Main.storyboard */; };
		6951A79B1BBB3E5400E9C4A1 /* Assets.xcassets in Resources */ = {isa = PBXBuildFile; fileRef = 6951A79A1BBB3E5400E9C4A1 /* Assets.xcassets */; };
		6951A79E1BBB3E5400E9C4A1 /* LaunchScreen.storyboard in Resources */ = {isa = PBXBuildFile; fileRef = 6951A79C1BBB3E5400E9C4A1 /* LaunchScreen.storyboard */; };
		6951A7A61BBB3F2600E9C4A1 /* TesseractOCR.framework in Frameworks */ = {isa = PBXBuildFile; fileRef = 6951A7A51BBB3F2600E9C4A1 /* TesseractOCR.framework */; settings = {ASSET_TAGS = (); }; };
		6951A7A81BBB3F3500E9C4A1 /* CoreData.framework in Frameworks */ = {isa = PBXBuildFile; fileRef = 6951A7A71BBB3F3500E9C4A1 /* CoreData.framework */; };
		6951A7AA1BBB3F4700E9C4A1 /* libstdc++.6.0.9.tbd in Frameworks */ = {isa = PBXBuildFile; fileRef = 6951A7A91BBB3F4700E9C4A1 /* libstdc++.6.0.9.tbd */; };
		6951A7DC1BBB497300E9C4A1 /* tessdata in Resources */ = {isa = PBXBuildFile; fileRef = 6951A7DB1BBB497300E9C4A1 /* tessdata */; settings = {ASSET_TAGS = (); }; };
/* End PBXBuildFile section */

/* Begin PBXFileReference section */
		6951A7901BBB3E5400E9C4A1 /* TesseractDemo.app */ = {isa = PBXFileReference; explicitFileType = wrapper.application; includeInIndex = 0; path = TesseractDemo.app; sourceTree = BUILT_PRODUCTS_DIR; };
		6951A7931BBB3E5400E9C4A1 /* AppDelegate.swift */ = {isa = PBXFileReference; lastKnownFileType = sourcecode.swift; path = AppDelegate.swift; sourceTree = "<group>"; };
		6951A7951BBB3E5400E9C4A1 /* ViewController.swift */ = {isa = PBXFileReference; lastKnownFileType = sourcecode.swift; path = ViewController.swift; sourceTree = "<group>"; };
		6951A7981BBB3E5400E9C4A1 /* Base */ = {isa = PBXFileReference; lastKnownFileType = file.storyboard; name = Base; path = Base.lproj/Main.storyboard; sourceTree = "<group>"; };
		6951A79A1BBB3E5400E9C4A1 /* Assets.xcassets */ = {isa = PBXFileReference; lastKnownFileType = folder.assetcatalog; path = Assets.xcassets; sourceTree = "<group>"; };
		6951A79D1BBB3E5400E9C4A1 /* Base */ = {isa = PBXFileReference; lastKnownFileType = file.storyboard; name = Base; path = Base.lproj/LaunchScreen.storyboard; sourceTree = "<group>"; };
		6951A79F1BBB3E5400E9C4A1 /* Info.plist */ = {isa = PBXFileReference; lastKnownFileType = text.plist.xml; path = Info.plist; sourceTree = "<group>"; };
		6951A7A51BBB3F2600E9C4A1 /* TesseractOCR.framework */ = {isa = PBXFileReference; lastKnownFileType = wrapper.framework; path = TesseractOCR.framework; sourceTree = "<group>"; };
		6951A7A71BBB3F3500E9C4A1 /* CoreData.framework */ = {isa = PBXFileReference; lastKnownFileType = wrapper.framework; name = CoreData.framework; path = System/Library/Frameworks/CoreData.framework; sourceTree = SDKROOT; };
		6951A7A91BBB3F4700E9C4A1 /* libstdc++.6.0.9.tbd */ = {isa = PBXFileReference; lastKnownFileType = "sourcecode.text-based-dylib-definition"; name = "libstdc++.6.0.9.tbd"; path = "usr/lib/libstdc++.6.0.9.tbd"; sourceTree = SDKROOT; };
		6951A7AB1BBB3F7900E9C4A1 /* TesseractDemo-Bridging-Header.h */ = {isa = PBXFileReference; lastKnownFileType = sourcecode.c.h; path = "TesseractDemo-Bridging-Header.h"; sourceTree = "<group>"; };
		6951A7DB1BBB497300E9C4A1 /* tessdata */ = {isa = PBXFileReference; lastKnownFileType = folder; path = tessdata; sourceTree = "<group>"; };
/* End PBXFileReference section */

/* Begin PBXFrameworksBuildPhase section */
		6951A78D1BBB3E5400E9C4A1 /* Frameworks */ = {
			isa = PBXFrameworksBuildPhase;
			buildActionMask = 2147483647;
			files = (
				6951A7AA1BBB3F4700E9C4A1 /* libstdc++.6.0.9.tbd in Frameworks */,
				6951A7A81BBB3F3500E9C4A1 /* CoreData.framework in Frameworks */,
				6951A7A61BBB3F2600E9C4A1 /* TesseractOCR.framework in Frameworks */,
			);
			runOnlyForDeploymentPostprocessing = 0;
		};
/* End PBXFrameworksBuildPhase section */

/* Begin PBXGroup section */
		6951A7871BBB3E5400E9C4A1 = {
			isa = PBXGroup;
			children = (
				6951A7A91BBB3F4700E9C4A1 /* libstdc++.6.0.9.tbd */,
				6951A7921BBB3E5400E9C4A1 /* TesseractDemo */,
				6951A7911BBB3E5400E9C4A1 /* Products */,
			);
			sourceTree = "<group>";
		};
		6951A7911BBB3E5400E9C4A1 /* Products */ = {
			isa = PBXGroup;
			children = (
				6951A7901BBB3E5400E9C4A1 /* TesseractDemo.app */,
			);
			name = Products;
			sourceTree = "<group>";
		};
		6951A7921BBB3E5400E9C4A1 /* TesseractDemo */ = {
			isa = PBXGroup;
			children = (
				6951A7A71BBB3F3500E9C4A1 /* CoreData.framework */,
				6951A7A51BBB3F2600E9C4A1 /* TesseractOCR.framework */,
				6951A7931BBB3E5400E9C4A1 /* AppDelegate.swift */,
				6951A7951BBB3E5400E9C4A1 /* ViewController.swift */,
				6951A7971BBB3E5400E9C4A1 /* Main.storyboard */,
				6951A79A1BBB3E5400E9C4A1 /* Assets.xcassets */,
				6951A7DB1BBB497300E9C4A1 /* tessdata */,
				6951A79C1BBB3E5400E9C4A1 /* LaunchScreen.storyboard */,
				6951A79F1BBB3E5400E9C4A1 /* Info.plist */,
				6951A7AB1BBB3F7900E9C4A1 /* TesseractDemo-Bridging-Header.h */,
			);
			path = TesseractDemo;
			sourceTree = "<group>";
		};
/* End PBXGroup section */

/* Begin PBXNativeTarget section */
		6951A78F1BBB3E5400E9C4A1 /* TesseractDemo */ = {
			isa = PBXNativeTarget;
			buildConfigurationList = 6951A7A21BBB3E5400E9C4A1 /* Build configuration list for PBXNativeTarget "TesseractDemo" */;
			buildPhases = (
				6951A78C1BBB3E5400E9C4A1 /* Sources */,
				6951A78D1BBB3E5400E9C4A1 /* Frameworks */,
				6951A78E1BBB3E5400E9C4A1 /* Resources */,
			);
			buildRules = (
			);
			dependencies = (
			);
			name = TesseractDemo;
			productName = TesseractDemo;
			productReference = 6951A7901BBB3E5400E9C4A1 /* TesseractDemo.app */;
			productType = "com.apple.product-type.application";
		};
/* End PBXNativeTarget section */

/* Begin PBXProject section */
		6951A7881BBB3E5400E9C4A1 /* Project object */ = {
			isa = PBXProject;
			attributes = {
				LastSwiftUpdateCheck = 0700;
				LastUpgradeCheck = 0700;
				ORGANIZATIONNAME = dereknetto;
				TargetAttributes = {
					6951A78F1BBB3E5400E9C4A1 = {
						CreatedOnToolsVersion = 7.0;
						DevelopmentTeam = D89RJC2KAA;
					};
				};
			};
			buildConfigurationList = 6951A78B1BBB3E5400E9C4A1 /* Build configuration list for PBXProject "TesseractDemo" */;
			compatibilityVersion = "Xcode 3.2";
			developmentRegion = English;
			hasScannedForEncodings = 0;
			knownRegions = (
				en,
				Base,
			);
			mainGroup = 6951A7871BBB3E5400E9C4A1;
			productRefGroup = 6951A7911BBB3E5400E9C4A1 /* Products */;
			projectDirPath = "";
			projectRoot = "";
			targets = (
				6951A78F1BBB3E5400E9C4A1 /* TesseractDemo */,
			);
		};
/* End PBXProject section */

/* Begin PBXResourcesBuildPhase section */
		6951A78E1BBB3E5400E9C4A1 /* Resources */ = {
			isa = PBXResourcesBuildPhase;
			buildActionMask = 2147483647;
			files = (
				6951A79E1BBB3E5400E9C4A1 /* LaunchScreen.storyboard in Resources */,
				6951A7DC1BBB497300E9C4A1 /* tessdata in Resources */,
				6951A79B1BBB3E5400E9C4A1 /* Assets.xcassets in Resources */,
				6951A7991BBB3E5400E9C4A1 /* Main.storyboard in Resources */,
			);
			runOnlyForDeploymentPostprocessing = 0;
		};
/* End PBXResourcesBuildPhase section */

/* Begin PBXSourcesBuildPhase section */
		6951A78C1BBB3E5400E9C4A1 /* Sources */ = {
			isa = PBXSourcesBuildPhase;
			buildActionMask = 2147483647;
			files = (
				6951A7961BBB3E5400E9C4A1 /* ViewController.swift in Sources */,
				6951A7941BBB3E5400E9C4A1 /* AppDelegate.swift in Sources */,
			);
			runOnlyForDeploymentPostprocessing = 0;
		};
/* End PBXSourcesBuildPhase section */

/* Begin PBXVariantGroup section */
		6951A7971BBB3E5400E9C4A1 /* Main.storyboard */ = {
			isa = PBXVariantGroup;
			children = (
				6951A7981BBB3E5400E9C4A1 /* Base */,
			);
			name = Main.storyboard;
			sourceTree = "<group>";
		};
		6951A79C1BBB3E5400E9C4A1 /* LaunchScreen.storyboard */ = {
			isa = PBXVariantGroup;
			children = (
				6951A79D1BBB3E5400E9C4A1 /* Base */,
			);
			name = LaunchScreen.storyboard;
			sourceTree = "<group>";
		};
/* End PBXVariantGroup section */

/* Begin XCBuildConfiguration section */
		6951A7A01BBB3E5400E9C4A1 /* Debug */ = {
			isa = XCBuildConfiguration;
			buildSettings = {
				ALWAYS_SEARCH_USER_PATHS = NO;
				CLANG_CXX_LANGUAGE_STANDARD = "gnu++0x";
				CLANG_CXX_LIBRARY = "libc++";
				CLANG_ENABLE_MODULES = YES;
				CLANG_ENABLE_OBJC_ARC = YES;
				CLANG_WARN_BOOL_CONVERSION = YES;
				CLANG_WARN_CONSTANT_CONVERSION = YES;
				CLANG_WARN_DIRECT_OBJC_ISA_USAGE = YES_ERROR;
				CLANG_WARN_EMPTY_BODY = YES;
				CLANG_WARN_ENUM_CONVERSION = YES;
				CLANG_WARN_INT_CONVERSION = YES;
				CLANG_WARN_OBJC_ROOT_CLASS = YES_ERROR;
				CLANG_WARN_UNREACHABLE_CODE = YES;
				CLANG_WARN__DUPLICATE_METHOD_MATCH = YES;
				"CODE_SIGN_IDENTITY[sdk=iphoneos*]" = "iPhone Developer";
				COPY_PHASE_STRIP = NO;
				DEBUG_INFORMATION_FORMAT = dwarf;
				ENABLE_STRICT_OBJC_MSGSEND = YES;
				ENABLE_TESTABILITY = YES;
				GCC_C_LANGUAGE_STANDARD = gnu99;
				GCC_DYNAMIC_NO_PIC = NO;
				GCC_NO_COMMON_BLOCKS = YES;
				GCC_OPTIMIZATION_LEVEL = 0;
				GCC_PREPROCESSOR_DEFINITIONS = (
					"DEBUG=1",
					"$(inherited)",
				);
				GCC_WARN_64_TO_32_BIT_CONVERSION = YES;
				GCC_WARN_ABOUT_RETURN_TYPE = YES_ERROR;
				GCC_WARN_UNDECLARED_SELECTOR = YES;
				GCC_WARN_UNINITIALIZED_AUTOS = YES_AGGRESSIVE;
				GCC_WARN_UNUSED_FUNCTION = YES;
				GCC_WARN_UNUSED_VARIABLE = YES;
				IPHONEOS_DEPLOYMENT_TARGET = 9.0;
				MTL_ENABLE_DEBUG_INFO = YES;
				ONLY_ACTIVE_ARCH = YES;
				SDKROOT = iphoneos;
				SWIFT_OPTIMIZATION_LEVEL = "-Onone";
				TARGETED_DEVICE_FAMILY = "1,2";
			};
			name = Debug;
		};
		6951A7A11BBB3E5400E9C4A1 /* Release */ = {
			isa = XCBuildConfiguration;
			buildSettings = {
				ALWAYS_SEARCH_USER_PATHS = NO;
				CLANG_CXX_LANGUAGE_STANDARD = "gnu++0x";
				CLANG_CXX_LIBRARY = "libc++";
				CLANG_ENABLE_MODULES = YES;
				CLANG_ENABLE_OBJC_ARC = YES;
				CLANG_WARN_BOOL_CONVERSION = YES;
				CLANG_WARN_CONSTANT_CONVERSION = YES;
				CLANG_WARN_DIRECT_OBJC_ISA_USAGE = YES_ERROR;
				CLANG_WARN_EMPTY_BODY = YES;
				CLANG_WARN_ENUM_CONVERSION = YES;
				CLANG_WARN_INT_CONVERSION = YES;
				CLANG_WARN_OBJC_ROOT_CLASS = YES_ERROR;
				CLANG_WARN_UNREACHABLE_CODE = YES;
				CLANG_WARN__DUPLICATE_METHOD_MATCH = YES;
				"CODE_SIGN_IDENTITY[sdk=iphoneos*]" = "iPhone Developer";
				COPY_PHASE_STRIP = NO;
				DEBUG_INFORMATION_FORMAT = "dwarf-with-dsym";
				ENABLE_NS_ASSERTIONS = NO;
				ENABLE_STRICT_OBJC_MSGSEND = YES;
				GCC_C_LANGUAGE_STANDARD = gnu99;
				GCC_NO_COMMON_BLOCKS = YES;
				GCC_WARN_64_TO_32_BIT_CONVERSION = YES;
				GCC_WARN_ABOUT_RETURN_TYPE = YES_ERROR;
				GCC_WARN_UNDECLARED_SELECTOR = YES;
				GCC_WARN_UNINITIALIZED_AUTOS = YES_AGGRESSIVE;
				GCC_WARN_UNUSED_FUNCTION = YES;
				GCC_WARN_UNUSED_VARIABLE = YES;
				IPHONEOS_DEPLOYMENT_TARGET = 9.0;
				MTL_ENABLE_DEBUG_INFO = NO;
				SDKROOT = iphoneos;
				TARGETED_DEVICE_FAMILY = "1,2";
				VALIDATE_PRODUCT = YES;
			};
			name = Release;
		};
		6951A7A31BBB3E5400E9C4A1 /* Debug */ = {
			isa = XCBuildConfiguration;
			buildSettings = {
				ASSETCATALOG_COMPILER_APPICON_NAME = AppIcon;
				CLANG_CXX_LIBRARY = "compiler-default";
				CLANG_ENABLE_MODULES = YES;
				ENABLE_BITCODE = NO;
				FRAMEWORK_SEARCH_PATHS = (
					"$(inherited)",
					"$(PROJECT_DIR)/TesseractDemo",
				);
				INFOPLIST_FILE = TesseractDemo/Info.plist;
				IPHONEOS_DEPLOYMENT_TARGET = 8.4;
				LD_RUNPATH_SEARCH_PATHS = "$(inherited) @executable_path/Frameworks";
				OTHER_LDFLAGS = "-lstdc++";
				PRODUCT_BUNDLE_IDENTIFIER = nyc.c4q.Derek316x.TesseractDemo;
				PRODUCT_NAME = "$(TARGET_NAME)";
				SWIFT_OBJC_BRIDGING_HEADER = "TesseractDemo/TesseractDemo-Bridging-Header.h";
				SWIFT_OPTIMIZATION_LEVEL = "-Onone";
			};
			name = Debug;
		};
		6951A7A41BBB3E5400E9C4A1 /* Release */ = {
			isa = XCBuildConfiguration;
			buildSettings = {
				ASSETCATALOG_COMPILER_APPICON_NAME = AppIcon;
				CLANG_CXX_LIBRARY = "compiler-default";
				CLANG_ENABLE_MODULES = YES;
				ENABLE_BITCODE = NO;
				FRAMEWORK_SEARCH_PATHS = (
					"$(inherited)",
					"$(PROJECT_DIR)/TesseractDemo",
				);
				INFOPLIST_FILE = TesseractDemo/Info.plist;
				IPHONEOS_DEPLOYMENT_TARGET = 8.4;
				LD_RUNPATH_SEARCH_PATHS = "$(inherited) @executable_path/Frameworks";
				OTHER_LDFLAGS = "-lstdc++";
				PRODUCT_BUNDLE_IDENTIFIER = nyc.c4q.Derek316x.TesseractDemo;
				PRODUCT_NAME = "$(TARGET_NAME)";
				SWIFT_OBJC_BRIDGING_HEADER = "TesseractDemo/TesseractDemo-Bridging-Header.h";
			};
			name = Release;
		};
/* End XCBuildConfiguration section */

/* Begin XCConfigurationList section */
		6951A78B1BBB3E5400E9C4A1 /* Build configuration list for PBXProject "TesseractDemo" */ = {
			isa = XCConfigurationList;
			buildConfigurations = (
				6951A7A01BBB3E5400E9C4A1 /* Debug */,
				6951A7A11BBB3E5400E9C4A1 /* Release */,
			);
			defaultConfigurationIsVisible = 0;
			defaultConfigurationName = Release;
		};
		6951A7A21BBB3E5400E9C4A1 /* Build configuration list for PBXNativeTarget "TesseractDemo" */ = {
			isa = XCConfigurationList;
			buildConfigurations = (
				6951A7A31BBB3E5400E9C4A1 /* Debug */,
				6951A7A41BBB3E5400E9C4A1 /* Release */,
			);
			defaultConfigurationIsVisible = 0;
		};
/* End XCConfigurationList section */
	};
	rootObject = 6951A7881BBB3E5400E9C4A1 /* Project object */;
}
