// !$*UTF8*$!
{
	archiveVersion = 1;
	classes = {
	};
	objectVersion = 46;
	objects = {

/* Begin PBXBuildFile section */
		3B12A9071BB3773F0026EA43 /* AppDelegate.swift in Sources */ = {isa = PBXBuildFile; fileRef = 3B12A9061BB3773F0026EA43 /* AppDelegate.swift */; };
		3B12A90B1BB3773F0026EA43 /* GameScene.swift in Sources */ = {isa = PBXBuildFile; fileRef = 3B12A90A1BB3773F0026EA43 /* GameScene.swift */; };
		3B12A90D1BB3773F0026EA43 /* GameViewController.swift in Sources */ = {isa = PBXBuildFile; fileRef = 3B12A90C1BB3773F0026EA43 /* GameViewController.swift */; };
		3B12A9101BB3773F0026EA43 /* Main.storyboard in Resources */ = {isa = PBXBuildFile; fileRef = 3B12A90E1BB3773F0026EA43 /* Main.storyboard */; };
		3B12A9121BB3773F0026EA43 /* Assets.xcassets in Resources */ = {isa = PBXBuildFile; fileRef = 3B12A9111BB3773F0026EA43 /* Assets.xcassets */; };
		3B12A9151BB3773F0026EA43 /* LaunchScreen.storyboard in Resources */ = {isa = PBXBuildFile; fileRef = 3B12A9131BB3773F0026EA43 /* LaunchScreen.storyboard */; };
		3B12A9201BB3773F0026EA43 /* SwiftrisTests.swift in Sources */ = {isa = PBXBuildFile; fileRef = 3B12A91F1BB3773F0026EA43 /* SwiftrisTests.swift */; };
		3B12A92B1BB3773F0026EA43 /* SwiftrisUITests.swift in Sources */ = {isa = PBXBuildFile; fileRef = 3B12A92A1BB3773F0026EA43 /* SwiftrisUITests.swift */; };
		3B12A93E1BB378350026EA43 /* bomb.mp3 in Resources */ = {isa = PBXBuildFile; fileRef = 3B12A9391BB378350026EA43 /* bomb.mp3 */; settings = {ASSET_TAGS = (); }; };
		3B12A93F1BB378350026EA43 /* drop.mp3 in Resources */ = {isa = PBXBuildFile; fileRef = 3B12A93A1BB378350026EA43 /* drop.mp3 */; settings = {ASSET_TAGS = (); }; };
		3B12A9401BB378350026EA43 /* gameover.mp3 in Resources */ = {isa = PBXBuildFile; fileRef = 3B12A93B1BB378350026EA43 /* gameover.mp3 */; settings = {ASSET_TAGS = (); }; };
		3B12A9411BB378350026EA43 /* levelup.mp3 in Resources */ = {isa = PBXBuildFile; fileRef = 3B12A93C1BB378350026EA43 /* levelup.mp3 */; settings = {ASSET_TAGS = (); }; };
		3B12A9421BB378350026EA43 /* theme.mp3 in Resources */ = {isa = PBXBuildFile; fileRef = 3B12A93D1BB378350026EA43 /* theme.mp3 */; settings = {ASSET_TAGS = (); }; };
		3B12A9441BB3784B0026EA43 /* Sprites.atlas in Resources */ = {isa = PBXBuildFile; fileRef = 3B12A9431BB3784B0026EA43 /* Sprites.atlas */; settings = {ASSET_TAGS = (); }; };
		3B12A9461BB3D7AF0026EA43 /* Array2D.swift in Sources */ = {isa = PBXBuildFile; fileRef = 3B12A9451BB3D7AF0026EA43 /* Array2D.swift */; settings = {ASSET_TAGS = (); }; };
		3B12A9481BB3E49F0026EA43 /* Block.swift in Sources */ = {isa = PBXBuildFile; fileRef = 3B12A9471BB3E49F0026EA43 /* Block.swift */; settings = {ASSET_TAGS = (); }; };
		3BC556CB1BB3F02000878FEC /* Shape.swift in Sources */ = {isa = PBXBuildFile; fileRef = 3BC556CA1BB3F02000878FEC /* Shape.swift */; settings = {ASSET_TAGS = (); }; };
		3BC556CD1BB402DF00878FEC /* SquareShape.swift in Sources */ = {isa = PBXBuildFile; fileRef = 3BC556CC1BB402DF00878FEC /* SquareShape.swift */; settings = {ASSET_TAGS = (); }; };
		3BC556CF1BB432E100878FEC /* TShape.swift in Sources */ = {isa = PBXBuildFile; fileRef = 3BC556CE1BB432E100878FEC /* TShape.swift */; settings = {ASSET_TAGS = (); }; };
		3BC556D11BB448E100878FEC /* LineShape.swift in Sources */ = {isa = PBXBuildFile; fileRef = 3BC556D01BB448E100878FEC /* LineShape.swift */; settings = {ASSET_TAGS = (); }; };
		3BC556D31BB44A8400878FEC /* LShape.swift in Sources */ = {isa = PBXBuildFile; fileRef = 3BC556D21BB44A8400878FEC /* LShape.swift */; settings = {ASSET_TAGS = (); }; };
		3BC556D51BB44CEC00878FEC /* JShape.swift in Sources */ = {isa = PBXBuildFile; fileRef = 3BC556D41BB44CEC00878FEC /* JShape.swift */; settings = {ASSET_TAGS = (); }; };
		3BC556D71BB44F0500878FEC /* SShape.swift in Sources */ = {isa = PBXBuildFile; fileRef = 3BC556D61BB44F0500878FEC /* SShape.swift */; settings = {ASSET_TAGS = (); }; };
		3BC556D91BB4502B00878FEC /* ZShape.swift in Sources */ = {isa = PBXBuildFile; fileRef = 3BC556D81BB4502B00878FEC /* ZShape.swift */; settings = {ASSET_TAGS = (); }; };
		3BC556DC1BB45B7400878FEC /* Swiftris.swift in Sources */ = {isa = PBXBuildFile; fileRef = 3BC556DB1BB45B7400878FEC /* Swiftris.swift */; settings = {ASSET_TAGS = (); }; };
/* End PBXBuildFile section */

/* Begin PBXContainerItemProxy section */
		3B12A91C1BB3773F0026EA43 /* PBXContainerItemProxy */ = {
			isa = PBXContainerItemProxy;
			containerPortal = 3B12A8FB1BB3773F0026EA43 /* Project object */;
			proxyType = 1;
			remoteGlobalIDString = 3B12A9021BB3773F0026EA43;
			remoteInfo = Swiftris;
		};
		3B12A9271BB3773F0026EA43 /* PBXContainerItemProxy */ = {
			isa = PBXContainerItemProxy;
			containerPortal = 3B12A8FB1BB3773F0026EA43 /* Project object */;
			proxyType = 1;
			remoteGlobalIDString = 3B12A9021BB3773F0026EA43;
			remoteInfo = Swiftris;
		};
/* End PBXContainerItemProxy section */

/* Begin PBXFileReference section */
		3B12A9031BB3773F0026EA43 /* Swiftris.app */ = {isa = PBXFileReference; explicitFileType = wrapper.application; includeInIndex = 0; path = Swiftris.app; sourceTree = BUILT_PRODUCTS_DIR; };
		3B12A9061BB3773F0026EA43 /* AppDelegate.swift */ = {isa = PBXFileReference; lastKnownFileType = sourcecode.swift; path = AppDelegate.swift; sourceTree = "<group>"; };
		3B12A90A1BB3773F0026EA43 /* GameScene.swift */ = {isa = PBXFileReference; lastKnownFileType = sourcecode.swift; path = GameScene.swift; sourceTree = "<group>"; };
		3B12A90C1BB3773F0026EA43 /* GameViewController.swift */ = {isa = PBXFileReference; lastKnownFileType = sourcecode.swift; path = GameViewController.swift; sourceTree = "<group>"; };
		3B12A90F1BB3773F0026EA43 /* Base */ = {isa = PBXFileReference; lastKnownFileType = file.storyboard; name = Base; path = Base.lproj/Main.storyboard; sourceTree = "<group>"; };
		3B12A9111BB3773F0026EA43 /* Assets.xcassets */ = {isa = PBXFileReference; lastKnownFileType = folder.assetcatalog; path = Assets.xcassets; sourceTree = "<group>"; };
		3B12A9141BB3773F0026EA43 /* Base */ = {isa = PBXFileReference; lastKnownFileType = file.storyboard; name = Base; path = Base.lproj/LaunchScreen.storyboard; sourceTree = "<group>"; };
		3B12A9161BB3773F0026EA43 /* Info.plist */ = {isa = PBXFileReference; lastKnownFileType = text.plist.xml; path = Info.plist; sourceTree = "<group>"; };
		3B12A91B1BB3773F0026EA43 /* SwiftrisTests.xctest */ = {isa = PBXFileReference; explicitFileType = wrapper.cfbundle; includeInIndex = 0; path = SwiftrisTests.xctest; sourceTree = BUILT_PRODUCTS_DIR; };
		3B12A91F1BB3773F0026EA43 /* SwiftrisTests.swift */ = {isa = PBXFileReference; lastKnownFileType = sourcecode.swift; path = SwiftrisTests.swift; sourceTree = "<group>"; };
		3B12A9211BB3773F0026EA43 /* Info.plist */ = {isa = PBXFileReference; lastKnownFileType = text.plist.xml; path = Info.plist; sourceTree = "<group>"; };
		3B12A9261BB3773F0026EA43 /* SwiftrisUITests.xctest */ = {isa = PBXFileReference; explicitFileType = wrapper.cfbundle; includeInIndex = 0; path = SwiftrisUITests.xctest; sourceTree = BUILT_PRODUCTS_DIR; };
		3B12A92A1BB3773F0026EA43 /* SwiftrisUITests.swift */ = {isa = PBXFileReference; lastKnownFileType = sourcecode.swift; path = SwiftrisUITests.swift; sourceTree = "<group>"; };
		3B12A92C1BB3773F0026EA43 /* Info.plist */ = {isa = PBXFileReference; lastKnownFileType = text.plist.xml; path = Info.plist; sourceTree = "<group>"; };
		3B12A9391BB378350026EA43 /* bomb.mp3 */ = {isa = PBXFileReference; lastKnownFileType = audio.mp3; path = bomb.mp3; sourceTree = "<group>"; };
		3B12A93A1BB378350026EA43 /* drop.mp3 */ = {isa = PBXFileReference; lastKnownFileType = audio.mp3; path = drop.mp3; sourceTree = "<group>"; };
		3B12A93B1BB378350026EA43 /* gameover.mp3 */ = {isa = PBXFileReference; lastKnownFileType = audio.mp3; path = gameover.mp3; sourceTree = "<group>"; };
		3B12A93C1BB378350026EA43 /* levelup.mp3 */ = {isa = PBXFileReference; lastKnownFileType = audio.mp3; path = levelup.mp3; sourceTree = "<group>"; };
		3B12A93D1BB378350026EA43 /* theme.mp3 */ = {isa = PBXFileReference; lastKnownFileType = audio.mp3; path = theme.mp3; sourceTree = "<group>"; };
		3B12A9431BB3784B0026EA43 /* Sprites.atlas */ = {isa = PBXFileReference; lastKnownFileType = folder.skatlas; path = Sprites.atlas; sourceTree = "<group>"; };
		3B12A9451BB3D7AF0026EA43 /* Array2D.swift */ = {isa = PBXFileReference; fileEncoding = 4; lastKnownFileType = sourcecode.swift; path = Array2D.swift; sourceTree = "<group>"; };
		3B12A9471BB3E49F0026EA43 /* Block.swift */ = {isa = PBXFileReference; fileEncoding = 4; lastKnownFileType = sourcecode.swift; path = Block.swift; sourceTree = "<group>"; };
		3BC556CA1BB3F02000878FEC /* Shape.swift */ = {isa = PBXFileReference; fileEncoding = 4; lastKnownFileType = sourcecode.swift; path = Shape.swift; sourceTree = "<group>"; };
		3BC556CC1BB402DF00878FEC /* SquareShape.swift */ = {isa = PBXFileReference; fileEncoding = 4; lastKnownFileType = sourcecode.swift; path = SquareShape.swift; sourceTree = "<group>"; };
		3BC556CE1BB432E100878FEC /* TShape.swift */ = {isa = PBXFileReference; fileEncoding = 4; lastKnownFileType = sourcecode.swift; path = TShape.swift; sourceTree = "<group>"; };
		3BC556D01BB448E100878FEC /* LineShape.swift */ = {isa = PBXFileReference; fileEncoding = 4; lastKnownFileType = sourcecode.swift; path = LineShape.swift; sourceTree = "<group>"; };
		3BC556D21BB44A8400878FEC /* LShape.swift */ = {isa = PBXFileReference; fileEncoding = 4; lastKnownFileType = sourcecode.swift; path = LShape.swift; sourceTree = "<group>"; };
		3BC556D41BB44CEC00878FEC /* JShape.swift */ = {isa = PBXFileReference; fileEncoding = 4; lastKnownFileType = sourcecode.swift; path = JShape.swift; sourceTree = "<group>"; };
		3BC556D61BB44F0500878FEC /* SShape.swift */ = {isa = PBXFileReference; fileEncoding = 4; lastKnownFileType = sourcecode.swift; path = SShape.swift; sourceTree = "<group>"; };
		3BC556D81BB4502B00878FEC /* ZShape.swift */ = {isa = PBXFileReference; fileEncoding = 4; lastKnownFileType = sourcecode.swift; path = ZShape.swift; sourceTree = "<group>"; };
		3BC556DB1BB45B7400878FEC /* Swiftris.swift */ = {isa = PBXFileReference; fileEncoding = 4; lastKnownFileType = sourcecode.swift; path = Swiftris.swift; sourceTree = "<group>"; };
/* End PBXFileReference section */

/* Begin PBXFrameworksBuildPhase section */
		3B12A9001BB3773F0026EA43 /* Frameworks */ = {
			isa = PBXFrameworksBuildPhase;
			buildActionMask = 2147483647;
			files = (
			);
			runOnlyForDeploymentPostprocessing = 0;
		};
		3B12A9181BB3773F0026EA43 /* Frameworks */ = {
			isa = PBXFrameworksBuildPhase;
			buildActionMask = 2147483647;
			files = (
			);
			runOnlyForDeploymentPostprocessing = 0;
		};
		3B12A9231BB3773F0026EA43 /* Frameworks */ = {
			isa = PBXFrameworksBuildPhase;
			buildActionMask = 2147483647;
			files = (
			);
			runOnlyForDeploymentPostprocessing = 0;
		};
/* End PBXFrameworksBuildPhase section */

/* Begin PBXGroup section */
		3B12A8FA1BB3773F0026EA43 = {
			isa = PBXGroup;
			children = (
				3B12A9051BB3773F0026EA43 /* Swiftris */,
				3B12A91E1BB3773F0026EA43 /* SwiftrisTests */,
				3B12A9291BB3773F0026EA43 /* SwiftrisUITests */,
				3B12A9041BB3773F0026EA43 /* Products */,
			);
			sourceTree = "<group>";
		};
		3B12A9041BB3773F0026EA43 /* Products */ = {
			isa = PBXGroup;
			children = (
				3B12A9031BB3773F0026EA43 /* Swiftris.app */,
				3B12A91B1BB3773F0026EA43 /* SwiftrisTests.xctest */,
				3B12A9261BB3773F0026EA43 /* SwiftrisUITests.xctest */,
			);
			name = Products;
			sourceTree = "<group>";
		};
		3B12A9051BB3773F0026EA43 /* Swiftris */ = {
			isa = PBXGroup;
			children = (
				3B12A9061BB3773F0026EA43 /* AppDelegate.swift */,
				3B12A9451BB3D7AF0026EA43 /* Array2D.swift */,
				3B12A9471BB3E49F0026EA43 /* Block.swift */,
				3BC556CA1BB3F02000878FEC /* Shape.swift */,
				3BC556DA1BB4515500878FEC /* Shapes */,
				3BC556DB1BB45B7400878FEC /* Swiftris.swift */,
				3B12A90A1BB3773F0026EA43 /* GameScene.swift */,
				3B12A90C1BB3773F0026EA43 /* GameViewController.swift */,
				3B12A90E1BB3773F0026EA43 /* Main.storyboard */,
				3B12A9381BB378350026EA43 /* Sounds */,
				3B12A9431BB3784B0026EA43 /* Sprites.atlas */,
				3B12A9111BB3773F0026EA43 /* Assets.xcassets */,
				3B12A9131BB3773F0026EA43 /* LaunchScreen.storyboard */,
				3B12A9161BB3773F0026EA43 /* Info.plist */,
			);
			path = Swiftris;
			sourceTree = "<group>";
		};
		3B12A91E1BB3773F0026EA43 /* SwiftrisTests */ = {
			isa = PBXGroup;
			children = (
				3B12A91F1BB3773F0026EA43 /* SwiftrisTests.swift */,
				3B12A9211BB3773F0026EA43 /* Info.plist */,
			);
			path = SwiftrisTests;
			sourceTree = "<group>";
		};
		3B12A9291BB3773F0026EA43 /* SwiftrisUITests */ = {
			isa = PBXGroup;
			children = (
				3B12A92A1BB3773F0026EA43 /* SwiftrisUITests.swift */,
				3B12A92C1BB3773F0026EA43 /* Info.plist */,
			);
			path = SwiftrisUITests;
			sourceTree = "<group>";
		};
		3B12A9381BB378350026EA43 /* Sounds */ = {
			isa = PBXGroup;
			children = (
				3B12A9391BB378350026EA43 /* bomb.mp3 */,
				3B12A93A1BB378350026EA43 /* drop.mp3 */,
				3B12A93B1BB378350026EA43 /* gameover.mp3 */,
				3B12A93C1BB378350026EA43 /* levelup.mp3 */,
				3B12A93D1BB378350026EA43 /* theme.mp3 */,
			);
			path = Sounds;
			sourceTree = "<group>";
		};
		3BC556DA1BB4515500878FEC /* Shapes */ = {
			isa = PBXGroup;
			children = (
				3BC556CC1BB402DF00878FEC /* SquareShape.swift */,
				3BC556CE1BB432E100878FEC /* TShape.swift */,
				3BC556D01BB448E100878FEC /* LineShape.swift */,
				3BC556D21BB44A8400878FEC /* LShape.swift */,
				3BC556D41BB44CEC00878FEC /* JShape.swift */,
				3BC556D61BB44F0500878FEC /* SShape.swift */,
				3BC556D81BB4502B00878FEC /* ZShape.swift */,
			);
			name = Shapes;
			sourceTree = "<group>";
		};
/* End PBXGroup section */

/* Begin PBXNativeTarget section */
		3B12A9021BB3773F0026EA43 /* Swiftris */ = {
			isa = PBXNativeTarget;
			buildConfigurationList = 3B12A92F1BB3773F0026EA43 /* Build configuration list for PBXNativeTarget "Swiftris" */;
			buildPhases = (
				3B12A8FF1BB3773F0026EA43 /* Sources */,
				3B12A9001BB3773F0026EA43 /* Frameworks */,
				3B12A9011BB3773F0026EA43 /* Resources */,
			);
			buildRules = (
			);
			dependencies = (
			);
			name = Swiftris;
			productName = Swiftris;
			productReference = 3B12A9031BB3773F0026EA43 /* Swiftris.app */;
			productType = "com.apple.product-type.application";
		};
		3B12A91A1BB3773F0026EA43 /* SwiftrisTests */ = {
			isa = PBXNativeTarget;
			buildConfigurationList = 3B12A9321BB3773F0026EA43 /* Build configuration list for PBXNativeTarget "SwiftrisTests" */;
			buildPhases = (
				3B12A9171BB3773F0026EA43 /* Sources */,
				3B12A9181BB3773F0026EA43 /* Frameworks */,
				3B12A9191BB3773F0026EA43 /* Resources */,
			);
			buildRules = (
			);
			dependencies = (
				3B12A91D1BB3773F0026EA43 /* PBXTargetDependency */,
			);
			name = SwiftrisTests;
			productName = SwiftrisTests;
			productReference = 3B12A91B1BB3773F0026EA43 /* SwiftrisTests.xctest */;
			productType = "com.apple.product-type.bundle.unit-test";
		};
		3B12A9251BB3773F0026EA43 /* SwiftrisUITests */ = {
			isa = PBXNativeTarget;
			buildConfigurationList = 3B12A9351BB3773F0026EA43 /* Build configuration list for PBXNativeTarget "SwiftrisUITests" */;
			buildPhases = (
				3B12A9221BB3773F0026EA43 /* Sources */,
				3B12A9231BB3773F0026EA43 /* Frameworks */,
				3B12A9241BB3773F0026EA43 /* Resources */,
			);
			buildRules = (
			);
			dependencies = (
				3B12A9281BB3773F0026EA43 /* PBXTargetDependency */,
			);
			name = SwiftrisUITests;
			productName = SwiftrisUITests;
			productReference = 3B12A9261BB3773F0026EA43 /* SwiftrisUITests.xctest */;
			productType = "com.apple.product-type.bundle.ui-testing";
		};
/* End PBXNativeTarget section */

/* Begin PBXProject section */
		3B12A8FB1BB3773F0026EA43 /* Project object */ = {
			isa = PBXProject;
			attributes = {
				LastUpgradeCheck = 0700;
				ORGANIZATIONNAME = "Elber Carneiro";
				TargetAttributes = {
					3B12A9021BB3773F0026EA43 = {
						CreatedOnToolsVersion = 7.0;
						DevelopmentTeam = 3HZSHG8SUA;
					};
					3B12A91A1BB3773F0026EA43 = {
						CreatedOnToolsVersion = 7.0;
						DevelopmentTeam = 3HZSHG8SUA;
						TestTargetID = 3B12A9021BB3773F0026EA43;
					};
					3B12A9251BB3773F0026EA43 = {
						CreatedOnToolsVersion = 7.0;
						DevelopmentTeam = 3HZSHG8SUA;
						TestTargetID = 3B12A9021BB3773F0026EA43;
					};
				};
			};
			buildConfigurationList = 3B12A8FE1BB3773F0026EA43 /* Build configuration list for PBXProject "Swiftris" */;
			compatibilityVersion = "Xcode 3.2";
			developmentRegion = English;
			hasScannedForEncodings = 0;
			knownRegions = (
				en,
				Base,
			);
			mainGroup = 3B12A8FA1BB3773F0026EA43;
			productRefGroup = 3B12A9041BB3773F0026EA43 /* Products */;
			projectDirPath = "";
			projectRoot = "";
			targets = (
				3B12A9021BB3773F0026EA43 /* Swiftris */,
				3B12A91A1BB3773F0026EA43 /* SwiftrisTests */,
				3B12A9251BB3773F0026EA43 /* SwiftrisUITests */,
			);
		};
/* End PBXProject section */

/* Begin PBXResourcesBuildPhase section */
		3B12A9011BB3773F0026EA43 /* Resources */ = {
			isa = PBXResourcesBuildPhase;
			buildActionMask = 2147483647;
			files = (
				3B12A9151BB3773F0026EA43 /* LaunchScreen.storyboard in Resources */,
				3B12A93F1BB378350026EA43 /* drop.mp3 in Resources */,
				3B12A9421BB378350026EA43 /* theme.mp3 in Resources */,
				3B12A9401BB378350026EA43 /* gameover.mp3 in Resources */,
				3B12A9121BB3773F0026EA43 /* Assets.xcassets in Resources */,
				3B12A9411BB378350026EA43 /* levelup.mp3 in Resources */,
				3B12A9441BB3784B0026EA43 /* Sprites.atlas in Resources */,
				3B12A93E1BB378350026EA43 /* bomb.mp3 in Resources */,
				3B12A9101BB3773F0026EA43 /* Main.storyboard in Resources */,
			);
			runOnlyForDeploymentPostprocessing = 0;
		};
		3B12A9191BB3773F0026EA43 /* Resources */ = {
			isa = PBXResourcesBuildPhase;
			buildActionMask = 2147483647;
			files = (
			);
			runOnlyForDeploymentPostprocessing = 0;
		};
		3B12A9241BB3773F0026EA43 /* Resources */ = {
			isa = PBXResourcesBuildPhase;
			buildActionMask = 2147483647;
			files = (
			);
			runOnlyForDeploymentPostprocessing = 0;
		};
/* End PBXResourcesBuildPhase section */

/* Begin PBXSourcesBuildPhase section */
		3B12A8FF1BB3773F0026EA43 /* Sources */ = {
			isa = PBXSourcesBuildPhase;
			buildActionMask = 2147483647;
			files = (
				3BC556D31BB44A8400878FEC /* LShape.swift in Sources */,
				3BC556CD1BB402DF00878FEC /* SquareShape.swift in Sources */,
				3B12A90B1BB3773F0026EA43 /* GameScene.swift in Sources */,
				3BC556D51BB44CEC00878FEC /* JShape.swift in Sources */,
				3BC556DC1BB45B7400878FEC /* Swiftris.swift in Sources */,
				3BC556CB1BB3F02000878FEC /* Shape.swift in Sources */,
				3B12A9461BB3D7AF0026EA43 /* Array2D.swift in Sources */,
				3BC556D11BB448E100878FEC /* LineShape.swift in Sources */,
				3BC556D71BB44F0500878FEC /* SShape.swift in Sources */,
				3BC556CF1BB432E100878FEC /* TShape.swift in Sources */,
				3B12A9481BB3E49F0026EA43 /* Block.swift in Sources */,
				3B12A90D1BB3773F0026EA43 /* GameViewController.swift in Sources */,
				3BC556D91BB4502B00878FEC /* ZShape.swift in Sources */,
				3B12A9071BB3773F0026EA43 /* AppDelegate.swift in Sources */,
			);
			runOnlyForDeploymentPostprocessing = 0;
		};
		3B12A9171BB3773F0026EA43 /* Sources */ = {
			isa = PBXSourcesBuildPhase;
			buildActionMask = 2147483647;
			files = (
				3B12A9201BB3773F0026EA43 /* SwiftrisTests.swift in Sources */,
			);
			runOnlyForDeploymentPostprocessing = 0;
		};
		3B12A9221BB3773F0026EA43 /* Sources */ = {
			isa = PBXSourcesBuildPhase;
			buildActionMask = 2147483647;
			files = (
				3B12A92B1BB3773F0026EA43 /* SwiftrisUITests.swift in Sources */,
			);
			runOnlyForDeploymentPostprocessing = 0;
		};
/* End PBXSourcesBuildPhase section */

/* Begin PBXTargetDependency section */
		3B12A91D1BB3773F0026EA43 /* PBXTargetDependency */ = {
			isa = PBXTargetDependency;
			target = 3B12A9021BB3773F0026EA43 /* Swiftris */;
			targetProxy = 3B12A91C1BB3773F0026EA43 /* PBXContainerItemProxy */;
		};
		3B12A9281BB3773F0026EA43 /* PBXTargetDependency */ = {
			isa = PBXTargetDependency;
			target = 3B12A9021BB3773F0026EA43 /* Swiftris */;
			targetProxy = 3B12A9271BB3773F0026EA43 /* PBXContainerItemProxy */;
		};
/* End PBXTargetDependency section */

/* Begin PBXVariantGroup section */
		3B12A90E1BB3773F0026EA43 /* Main.storyboard */ = {
			isa = PBXVariantGroup;
			children = (
				3B12A90F1BB3773F0026EA43 /* Base */,
			);
			name = Main.storyboard;
			sourceTree = "<group>";
		};
		3B12A9131BB3773F0026EA43 /* LaunchScreen.storyboard */ = {
			isa = PBXVariantGroup;
			children = (
				3B12A9141BB3773F0026EA43 /* Base */,
			);
			name = LaunchScreen.storyboard;
			sourceTree = "<group>";
		};
/* End PBXVariantGroup section */

/* Begin XCBuildConfiguration section */
		3B12A92D1BB3773F0026EA43 /* Debug */ = {
			isa = XCBuildConfiguration;
			buildSettings = {
				ALWAYS_SEARCH_USER_PATHS = NO;
				CLANG_CXX_LANGUAGE_STANDARD = "gnu++0x";
				CLANG_CXX_LIBRARY = "libc++";
				CLANG_ENABLE_MODULES = YES;
				CLANG_ENABLE_OBJC_ARC = YES;
				CLANG_WARN_BOOL_CONVERSION = YES;
				CLANG_WARN_CONSTANT_CONVERSION = YES;
				CLANG_WARN_DIRECT_OBJC_ISA_USAGE = YES_ERROR;
				CLANG_WARN_EMPTY_BODY = YES;
				CLANG_WARN_ENUM_CONVERSION = YES;
				CLANG_WARN_INT_CONVERSION = YES;
				CLANG_WARN_OBJC_ROOT_CLASS = YES_ERROR;
				CLANG_WARN_UNREACHABLE_CODE = YES;
				CLANG_WARN__DUPLICATE_METHOD_MATCH = YES;
				"CODE_SIGN_IDENTITY[sdk=iphoneos*]" = "iPhone Developer";
				COPY_PHASE_STRIP = NO;
				DEBUG_INFORMATION_FORMAT = "dwarf-with-dsym";
				ENABLE_STRICT_OBJC_MSGSEND = YES;
				ENABLE_TESTABILITY = YES;
				GCC_C_LANGUAGE_STANDARD = gnu99;
				GCC_DYNAMIC_NO_PIC = NO;
				GCC_NO_COMMON_BLOCKS = YES;
				GCC_OPTIMIZATION_LEVEL = 0;
				GCC_PREPROCESSOR_DEFINITIONS = (
					"DEBUG=1",
					"$(inherited)",
				);
				GCC_WARN_64_TO_32_BIT_CONVERSION = YES;
				GCC_WARN_ABOUT_RETURN_TYPE = YES_ERROR;
				GCC_WARN_UNDECLARED_SELECTOR = YES;
				GCC_WARN_UNINITIALIZED_AUTOS = YES_AGGRESSIVE;
				GCC_WARN_UNUSED_FUNCTION = YES;
				GCC_WARN_UNUSED_VARIABLE = YES;
				IPHONEOS_DEPLOYMENT_TARGET = 9.0;
				MTL_ENABLE_DEBUG_INFO = YES;
				ONLY_ACTIVE_ARCH = YES;
				SDKROOT = iphoneos;
				SWIFT_OPTIMIZATION_LEVEL = "-Onone";
			};
			name = Debug;
		};
		3B12A92E1BB3773F0026EA43 /* Release */ = {
			isa = XCBuildConfiguration;
			buildSettings = {
				ALWAYS_SEARCH_USER_PATHS = NO;
				CLANG_CXX_LANGUAGE_STANDARD = "gnu++0x";
				CLANG_CXX_LIBRARY = "libc++";
				CLANG_ENABLE_MODULES = YES;
				CLANG_ENABLE_OBJC_ARC = YES;
				CLANG_WARN_BOOL_CONVERSION = YES;
				CLANG_WARN_CONSTANT_CONVERSION = YES;
				CLANG_WARN_DIRECT_OBJC_ISA_USAGE = YES_ERROR;
				CLANG_WARN_EMPTY_BODY = YES;
				CLANG_WARN_ENUM_CONVERSION = YES;
				CLANG_WARN_INT_CONVERSION = YES;
				CLANG_WARN_OBJC_ROOT_CLASS = YES_ERROR;
				CLANG_WARN_UNREACHABLE_CODE = YES;
				CLANG_WARN__DUPLICATE_METHOD_MATCH = YES;
				"CODE_SIGN_IDENTITY[sdk=iphoneos*]" = "iPhone Developer";
				COPY_PHASE_STRIP = NO;
				DEBUG_INFORMATION_FORMAT = "dwarf-with-dsym";
				ENABLE_NS_ASSERTIONS = NO;
				ENABLE_STRICT_OBJC_MSGSEND = YES;
				GCC_C_LANGUAGE_STANDARD = gnu99;
				GCC_NO_COMMON_BLOCKS = YES;
				GCC_WARN_64_TO_32_BIT_CONVERSION = YES;
				GCC_WARN_ABOUT_RETURN_TYPE = YES_ERROR;
				GCC_WARN_UNDECLARED_SELECTOR = YES;
				GCC_WARN_UNINITIALIZED_AUTOS = YES_AGGRESSIVE;
				GCC_WARN_UNUSED_FUNCTION = YES;
				GCC_WARN_UNUSED_VARIABLE = YES;
				IPHONEOS_DEPLOYMENT_TARGET = 9.0;
				MTL_ENABLE_DEBUG_INFO = NO;
				SDKROOT = iphoneos;
				VALIDATE_PRODUCT = YES;
			};
			name = Release;
		};
		3B12A9301BB3773F0026EA43 /* Debug */ = {
			isa = XCBuildConfiguration;
			buildSettings = {
				ASSETCATALOG_COMPILER_APPICON_NAME = AppIcon;
				INFOPLIST_FILE = Swiftris/Info.plist;
				LD_RUNPATH_SEARCH_PATHS = "$(inherited) @executable_path/Frameworks";
				PRODUCT_BUNDLE_IDENTIFIER = com.elberdev.Swiftris;
				PRODUCT_NAME = "$(TARGET_NAME)";
			};
			name = Debug;
		};
		3B12A9311BB3773F0026EA43 /* Release */ = {
			isa = XCBuildConfiguration;
			buildSettings = {
				ASSETCATALOG_COMPILER_APPICON_NAME = AppIcon;
				INFOPLIST_FILE = Swiftris/Info.plist;
				LD_RUNPATH_SEARCH_PATHS = "$(inherited) @executable_path/Frameworks";
				PRODUCT_BUNDLE_IDENTIFIER = com.elberdev.Swiftris;
				PRODUCT_NAME = "$(TARGET_NAME)";
			};
			name = Release;
		};
		3B12A9331BB3773F0026EA43 /* Debug */ = {
			isa = XCBuildConfiguration;
			buildSettings = {
				BUNDLE_LOADER = "$(TEST_HOST)";
				DEBUG_INFORMATION_FORMAT = dwarf;
				INFOPLIST_FILE = SwiftrisTests/Info.plist;
				LD_RUNPATH_SEARCH_PATHS = "$(inherited) @executable_path/Frameworks @loader_path/Frameworks";
				PRODUCT_BUNDLE_IDENTIFIER = com.elberdev.SwiftrisTests;
				PRODUCT_NAME = "$(TARGET_NAME)";
				TEST_HOST = "$(BUILT_PRODUCTS_DIR)/Swiftris.app/Swiftris";
			};
			name = Debug;
		};
		3B12A9341BB3773F0026EA43 /* Release */ = {
			isa = XCBuildConfiguration;
			buildSettings = {
				BUNDLE_LOADER = "$(TEST_HOST)";
				INFOPLIST_FILE = SwiftrisTests/Info.plist;
				LD_RUNPATH_SEARCH_PATHS = "$(inherited) @executable_path/Frameworks @loader_path/Frameworks";
				PRODUCT_BUNDLE_IDENTIFIER = com.elberdev.SwiftrisTests;
				PRODUCT_NAME = "$(TARGET_NAME)";
				TEST_HOST = "$(BUILT_PRODUCTS_DIR)/Swiftris.app/Swiftris";
			};
			name = Release;
		};
		3B12A9361BB3773F0026EA43 /* Debug */ = {
			isa = XCBuildConfiguration;
			buildSettings = {
				DEBUG_INFORMATION_FORMAT = dwarf;
				INFOPLIST_FILE = SwiftrisUITests/Info.plist;
				LD_RUNPATH_SEARCH_PATHS = "$(inherited) @executable_path/Frameworks @loader_path/Frameworks";
				PRODUCT_BUNDLE_IDENTIFIER = com.elberdev.SwiftrisUITests;
				PRODUCT_NAME = "$(TARGET_NAME)";
				TEST_TARGET_NAME = Swiftris;
				USES_XCTRUNNER = YES;
			};
			name = Debug;
		};
		3B12A9371BB3773F0026EA43 /* Release */ = {
			isa = XCBuildConfiguration;
			buildSettings = {
				INFOPLIST_FILE = SwiftrisUITests/Info.plist;
				LD_RUNPATH_SEARCH_PATHS = "$(inherited) @executable_path/Frameworks @loader_path/Frameworks";
				PRODUCT_BUNDLE_IDENTIFIER = com.elberdev.SwiftrisUITests;
				PRODUCT_NAME = "$(TARGET_NAME)";
				TEST_TARGET_NAME = Swiftris;
				USES_XCTRUNNER = YES;
			};
			name = Release;
		};
/* End XCBuildConfiguration section */

/* Begin XCConfigurationList section */
		3B12A8FE1BB3773F0026EA43 /* Build configuration list for PBXProject "Swiftris" */ = {
			isa = XCConfigurationList;
			buildConfigurations = (
				3B12A92D1BB3773F0026EA43 /* Debug */,
				3B12A92E1BB3773F0026EA43 /* Release */,
			);
			defaultConfigurationIsVisible = 0;
			defaultConfigurationName = Release;
		};
		3B12A92F1BB3773F0026EA43 /* Build configuration list for PBXNativeTarget "Swiftris" */ = {
			isa = XCConfigurationList;
			buildConfigurations = (
				3B12A9301BB3773F0026EA43 /* Debug */,
				3B12A9311BB3773F0026EA43 /* Release */,
			);
			defaultConfigurationIsVisible = 0;
			defaultConfigurationName = Release;
		};
		3B12A9321BB3773F0026EA43 /* Build configuration list for PBXNativeTarget "SwiftrisTests" */ = {
			isa = XCConfigurationList;
			buildConfigurations = (
				3B12A9331BB3773F0026EA43 /* Debug */,
				3B12A9341BB3773F0026EA43 /* Release */,
			);
			defaultConfigurationIsVisible = 0;
			defaultConfigurationName = Release;
		};
		3B12A9351BB3773F0026EA43 /* Build configuration list for PBXNativeTarget "SwiftrisUITests" */ = {
			isa = XCConfigurationList;
			buildConfigurations = (
				3B12A9361BB3773F0026EA43 /* Debug */,
				3B12A9371BB3773F0026EA43 /* Release */,
			);
			defaultConfigurationIsVisible = 0;
			defaultConfigurationName = Release;
		};
/* End XCConfigurationList section */
	};
	rootObject = 3B12A8FB1BB3773F0026EA43 /* Project object */;
}
